
Microsoft Visual Studio Solution File, Format Version 12.00
# Visual Studio 15
VisualStudioVersion = 15.0.27130.2010
MinimumVisualStudioVersion = 10.0.40219.1
Project("{FAE04EC0-301F-11D3-BF4B-00C04F79EFBC}") = "PlanetPayment", "PlanetPayment\PlanetPayment.csproj", "{9301EC82-F866-4384-9659-8B9774927B50}"
EndProject
Global
	GlobalSection(SolutionConfigurationPlatforms) = preSolution
		Debug|Any CPU = Debug|Any CPU
		Release|Any CPU = Release|Any CPU
	EndGlobalSection
	GlobalSection(ProjectConfigurationPlatforms) = postSolution
		{9301EC82-F866-4384-9659-8B9774927B50}.Debug|Any CPU.ActiveCfg = Debug|Any CPU
		{9301EC82-F866-4384-9659-8B9774927B50}.Debug|Any CPU.Build.0 = Debug|Any CPU
		{9301EC82-F866-4384-9659-8B9774927B50}.Release|Any CPU.ActiveCfg = Release|Any CPU
		{9301EC82-F866-4384-9659-8B9774927B50}.Release|Any CPU.Build.0 = Release|Any CPU
	EndGlobalSection
	GlobalSection(SolutionProperties) = preSolution
		HideSolutionNode = FALSE
	EndGlobalSection
	GlobalSection(ExtensibilityGlobals) = postSolution
		SolutionGuid = {9BC3783C-D286-4D14-8F93-92106D8AB3E6}
	EndGlobalSection
EndGlobal
